// !$*UTF8*$!
{
	archiveVersion = 1;
	classes = {
	};
	objectVersion = 46;
	objects = {

/* Begin PBXBuildFile section */
		AA98A3F119A7FFEE0026EAB5 /* AppDelegate.swift in Sources */ = {isa = PBXBuildFile; fileRef = AA98A3F019A7FFEE0026EAB5 /* AppDelegate.swift */; };
		AA98A3F319A7FFEE0026EAB5 /* ViewController.swift in Sources */ = {isa = PBXBuildFile; fileRef = AA98A3F219A7FFEE0026EAB5 /* ViewController.swift */; };
		AA98A3F619A7FFEE0026EAB5 /* Main.storyboard in Resources */ = {isa = PBXBuildFile; fileRef = AA98A3F419A7FFEE0026EAB5 /* Main.storyboard */; };
		AA98A3F819A7FFEE0026EAB5 /* Images.xcassets in Resources */ = {isa = PBXBuildFile; fileRef = AA98A3F719A7FFEE0026EAB5 /* Images.xcassets */; };
		AA98A40419A7FFEE0026EAB5 /* NickTacToeTests.swift in Sources */ = {isa = PBXBuildFile; fileRef = AA98A40319A7FFEE0026EAB5 /* NickTacToeTests.swift */; };
/* End PBXBuildFile section */

/* Begin PBXContainerItemProxy section */
		AA98A3FE19A7FFEE0026EAB5 /* PBXContainerItemProxy */ = {
			isa = PBXContainerItemProxy;
			containerPortal = AA98A3E319A7FFEE0026EAB5 /* Project object */;
			proxyType = 1;
			remoteGlobalIDString = AA98A3EA19A7FFEE0026EAB5;
			remoteInfo = NickTacToe;
		};
/* End PBXContainerItemProxy section */

/* Begin PBXFileReference section */
		AA98A3EB19A7FFEE0026EAB5 /* NickTacToe.app */ = {isa = PBXFileReference; explicitFileType = wrapper.application; includeInIndex = 0; path = NickTacToe.app; sourceTree = BUILT_PRODUCTS_DIR; };
		AA98A3EF19A7FFEE0026EAB5 /* Info.plist */ = {isa = PBXFileReference; lastKnownFileType = text.plist.xml; path = Info.plist; sourceTree = "<group>"; };
		AA98A3F019A7FFEE0026EAB5 /* AppDelegate.swift */ = {isa = PBXFileReference; lastKnownFileType = sourcecode.swift; path = AppDelegate.swift; sourceTree = "<group>"; };
		AA98A3F219A7FFEE0026EAB5 /* ViewController.swift */ = {isa = PBXFileReference; lastKnownFileType = sourcecode.swift; path = ViewController.swift; sourceTree = "<group>"; };
		AA98A3F519A7FFEE0026EAB5 /* Base */ = {isa = PBXFileReference; lastKnownFileType = file.storyboard; name = Base; path = Base.lproj/Main.storyboard; sourceTree = "<group>"; };
		AA98A3F719A7FFEE0026EAB5 /* Images.xcassets */ = {isa = PBXFileReference; lastKnownFileType = folder.assetcatalog; path = Images.xcassets; sourceTree = "<group>"; };
		AA98A3FD19A7FFEE0026EAB5 /* NickTacToeTests.xctest */ = {isa = PBXFileReference; explicitFileType = wrapper.cfbundle; includeInIndex = 0; path = NickTacToeTests.xctest; sourceTree = BUILT_PRODUCTS_DIR; };
		AA98A40219A7FFEE0026EAB5 /* Info.plist */ = {isa = PBXFileReference; lastKnownFileType = text.plist.xml; path = Info.plist; sourceTree = "<group>"; };
		AA98A40319A7FFEE0026EAB5 /* NickTacToeTests.swift */ = {isa = PBXFileReference; lastKnownFileType = sourcecode.swift; path = NickTacToeTests.swift; sourceTree = "<group>"; };
/* End PBXFileReference section */

/* Begin PBXFrameworksBuildPhase section */
		AA98A3E819A7FFEE0026EAB5 /* Frameworks */ = {
			isa = PBXFrameworksBuildPhase;
			buildActionMask = 2147483647;
			files = (
			);
			runOnlyForDeploymentPostprocessing = 0;
		};
		AA98A3FA19A7FFEE0026EAB5 /* Frameworks */ = {
			isa = PBXFrameworksBuildPhase;
			buildActionMask = 2147483647;
			files = (
			);
			runOnlyForDeploymentPostprocessing = 0;
		};
/* End PBXFrameworksBuildPhase section */

/* Begin PBXGroup section */
		AA98A3E219A7FFEE0026EAB5 = {
			isa = PBXGroup;
			children = (
				AA98A3ED19A7FFEE0026EAB5 /* NickTacToe */,
				AA98A40019A7FFEE0026EAB5 /* NickTacToeTests */,
				AA98A3EC19A7FFEE0026EAB5 /* Products */,
			);
			sourceTree = "<group>";
		};
		AA98A3EC19A7FFEE0026EAB5 /* Products */ = {
			isa = PBXGroup;
			children = (
				AA98A3EB19A7FFEE0026EAB5 /* NickTacToe.app */,
				AA98A3FD19A7FFEE0026EAB5 /* NickTacToeTests.xctest */,
			);
			name = Products;
			sourceTree = "<group>";
		};
		AA98A3ED19A7FFEE0026EAB5 /* NickTacToe */ = {
			isa = PBXGroup;
			children = (
				AA98A3F019A7FFEE0026EAB5 /* AppDelegate.swift */,
				AA98A3F219A7FFEE0026EAB5 /* ViewController.swift */,
				AA98A3F419A7FFEE0026EAB5 /* Main.storyboard */,
				AA98A3F719A7FFEE0026EAB5 /* Images.xcassets */,
				AA98A3EE19A7FFEE0026EAB5 /* Supporting Files */,
			);
			path = NickTacToe;
			sourceTree = "<group>";
		};
		AA98A3EE19A7FFEE0026EAB5 /* Supporting Files */ = {
			isa = PBXGroup;
			children = (
				AA98A3EF19A7FFEE0026EAB5 /* Info.plist */,
			);
			name = "Supporting Files";
			sourceTree = "<group>";
		};
		AA98A40019A7FFEE0026EAB5 /* NickTacToeTests */ = {
			isa = PBXGroup;
			children = (
				AA98A40319A7FFEE0026EAB5 /* NickTacToeTests.swift */,
				AA98A40119A7FFEE0026EAB5 /* Supporting Files */,
			);
			path = NickTacToeTests;
			sourceTree = "<group>";
		};
		AA98A40119A7FFEE0026EAB5 /* Supporting Files */ = {
			isa = PBXGroup;
			children = (
				AA98A40219A7FFEE0026EAB5 /* Info.plist */,
			);
			name = "Supporting Files";
			sourceTree = "<group>";
		};
/* End PBXGroup section */

/* Begin PBXNativeTarget section */
		AA98A3EA19A7FFEE0026EAB5 /* NickTacToe */ = {
			isa = PBXNativeTarget;
			buildConfigurationList = AA98A40719A7FFEE0026EAB5 /* Build configuration list for PBXNativeTarget "NickTacToe" */;
			buildPhases = (
				AA98A3E719A7FFEE0026EAB5 /* Sources */,
				AA98A3E819A7FFEE0026EAB5 /* Frameworks */,
				AA98A3E919A7FFEE0026EAB5 /* Resources */,
			);
			buildRules = (
			);
			dependencies = (
			);
			name = NickTacToe;
			productName = NickTacToe;
			productReference = AA98A3EB19A7FFEE0026EAB5 /* NickTacToe.app */;
			productType = "com.apple.product-type.application";
		};
		AA98A3FC19A7FFEE0026EAB5 /* NickTacToeTests */ = {
			isa = PBXNativeTarget;
			buildConfigurationList = AA98A40A19A7FFEE0026EAB5 /* Build configuration list for PBXNativeTarget "NickTacToeTests" */;
			buildPhases = (
				AA98A3F919A7FFEE0026EAB5 /* Sources */,
				AA98A3FA19A7FFEE0026EAB5 /* Frameworks */,
				AA98A3FB19A7FFEE0026EAB5 /* Resources */,
			);
			buildRules = (
			);
			dependencies = (
				AA98A3FF19A7FFEE0026EAB5 /* PBXTargetDependency */,
			);
			name = NickTacToeTests;
			productName = NickTacToeTests;
			productReference = AA98A3FD19A7FFEE0026EAB5 /* NickTacToeTests.xctest */;
			productType = "com.apple.product-type.bundle.unit-test";
		};
/* End PBXNativeTarget section */

/* Begin PBXProject section */
		AA98A3E319A7FFEE0026EAB5 /* Project object */ = {
			isa = PBXProject;
			attributes = {
				LastUpgradeCheck = 0600;
				ORGANIZATIONNAME = robotNik;
				TargetAttributes = {
					AA98A3EA19A7FFEE0026EAB5 = {
						CreatedOnToolsVersion = 6.0;
					};
					AA98A3FC19A7FFEE0026EAB5 = {
						CreatedOnToolsVersion = 6.0;
						TestTargetID = AA98A3EA19A7FFEE0026EAB5;
					};
				};
			};
			buildConfigurationList = AA98A3E619A7FFEE0026EAB5 /* Build configuration list for PBXProject "NickTacToe" */;
			compatibilityVersion = "Xcode 3.2";
			developmentRegion = English;
			hasScannedForEncodings = 0;
			knownRegions = (
				en,
				Base,
			);
			mainGroup = AA98A3E219A7FFEE0026EAB5;
			productRefGroup = AA98A3EC19A7FFEE0026EAB5 /* Products */;
			projectDirPath = "";
			projectRoot = "";
			targets = (
				AA98A3EA19A7FFEE0026EAB5 /* NickTacToe */,
				AA98A3FC19A7FFEE0026EAB5 /* NickTacToeTests */,
			);
		};
/* End PBXProject section */

/* Begin PBXResourcesBuildPhase section */
		AA98A3E919A7FFEE0026EAB5 /* Resources */ = {
			isa = PBXResourcesBuildPhase;
			buildActionMask = 2147483647;
			files = (
				AA98A3F619A7FFEE0026EAB5 /* Main.storyboard in Resources */,
				AA98A3F819A7FFEE0026EAB5 /* Images.xcassets in Resources */,
			);
			runOnlyForDeploymentPostprocessing = 0;
		};
		AA98A3FB19A7FFEE0026EAB5 /* Resources */ = {
			isa = PBXResourcesBuildPhase;
			buildActionMask = 2147483647;
			files = (
			);
			runOnlyForDeploymentPostprocessing = 0;
		};
/* End PBXResourcesBuildPhase section */

/* Begin PBXSourcesBuildPhase section */
		AA98A3E719A7FFEE0026EAB5 /* Sources */ = {
			isa = PBXSourcesBuildPhase;
			buildActionMask = 2147483647;
			files = (
				AA98A3F319A7FFEE0026EAB5 /* ViewController.swift in Sources */,
				AA98A3F119A7FFEE0026EAB5 /* AppDelegate.swift in Sources */,
			);
			runOnlyForDeploymentPostprocessing = 0;
		};
		AA98A3F919A7FFEE0026EAB5 /* Sources */ = {
			isa = PBXSourcesBuildPhase;
			buildActionMask = 2147483647;
			files = (
				AA98A40419A7FFEE0026EAB5 /* NickTacToeTests.swift in Sources */,
			);
			runOnlyForDeploymentPostprocessing = 0;
		};
/* End PBXSourcesBuildPhase section */

/* Begin PBXTargetDependency section */
		AA98A3FF19A7FFEE0026EAB5 /* PBXTargetDependency */ = {
			isa = PBXTargetDependency;
			target = AA98A3EA19A7FFEE0026EAB5 /* NickTacToe */;
			targetProxy = AA98A3FE19A7FFEE0026EAB5 /* PBXContainerItemProxy */;
		};
/* End PBXTargetDependency section */

/* Begin PBXVariantGroup section */
		AA98A3F419A7FFEE0026EAB5 /* Main.storyboard */ = {
			isa = PBXVariantGroup;
			children = (
				AA98A3F519A7FFEE0026EAB5 /* Base */,
			);
			name = Main.storyboard;
			sourceTree = "<group>";
		};
/* End PBXVariantGroup section */

/* Begin XCBuildConfiguration section */
		AA98A40519A7FFEE0026EAB5 /* Debug */ = {
			isa = XCBuildConfiguration;
			buildSettings = {
				ALWAYS_SEARCH_USER_PATHS = NO;
				CLANG_CXX_LANGUAGE_STANDARD = "gnu++0x";
				CLANG_CXX_LIBRARY = "libc++";
				CLANG_ENABLE_MODULES = YES;
				CLANG_ENABLE_OBJC_ARC = YES;
				CLANG_WARN_BOOL_CONVERSION = YES;
				CLANG_WARN_CONSTANT_CONVERSION = YES;
				CLANG_WARN_DIRECT_OBJC_ISA_USAGE = YES_ERROR;
				CLANG_WARN_EMPTY_BODY = YES;
				CLANG_WARN_ENUM_CONVERSION = YES;
				CLANG_WARN_INT_CONVERSION = YES;
				CLANG_WARN_OBJC_ROOT_CLASS = YES_ERROR;
				CLANG_WARN_UNREACHABLE_CODE = YES;
				CLANG_WARN__DUPLICATE_METHOD_MATCH = YES;
				"CODE_SIGN_IDENTITY[sdk=iphoneos*]" = "iPhone Developer";
				COPY_PHASE_STRIP = NO;
				ENABLE_STRICT_OBJC_MSGSEND = YES;
				GCC_C_LANGUAGE_STANDARD = gnu99;
				GCC_DYNAMIC_NO_PIC = NO;
				GCC_OPTIMIZATION_LEVEL = 0;
				GCC_PREPROCESSOR_DEFINITIONS = (
					"DEBUG=1",
					"$(inherited)",
				);
				GCC_SYMBOLS_PRIVATE_EXTERN = NO;
				GCC_WARN_64_TO_32_BIT_CONVERSION = YES;
				GCC_WARN_ABOUT_RETURN_TYPE = YES_ERROR;
				GCC_WARN_UNDECLARED_SELECTOR = YES;
				GCC_WARN_UNINITIALIZED_AUTOS = YES_AGGRESSIVE;
				GCC_WARN_UNUSED_FUNCTION = YES;
				GCC_WARN_UNUSED_VARIABLE = YES;
				IPHONEOS_DEPLOYMENT_TARGET = 8.0;
				MTL_ENABLE_DEBUG_INFO = YES;
				ONLY_ACTIVE_ARCH = YES;
				SDKROOT = iphoneos;
				SWIFT_OPTIMIZATION_LEVEL = "-Onone";
				TARGETED_DEVICE_FAMILY = "1,2";
			};
			name = Debug;
		};
		AA98A40619A7FFEE0026EAB5 /* Release */ = {
			isa = XCBuildConfiguration;
			buildSettings = {
				ALWAYS_SEARCH_USER_PATHS = NO;
				CLANG_CXX_LANGUAGE_STANDARD = "gnu++0x";
				CLANG_CXX_LIBRARY = "libc++";
				CLANG_ENABLE_MODULES = YES;
				CLANG_ENABLE_OBJC_ARC = YES;
				CLANG_WARN_BOOL_CONVERSION = YES;
				CLANG_WARN_CONSTANT_CONVERSION = YES;
				CLANG_WARN_DIRECT_OBJC_ISA_USAGE = YES_ERROR;
				CLANG_WARN_EMPTY_BODY = YES;
				CLANG_WARN_ENUM_CONVERSION = YES;
				CLANG_WARN_INT_CONVERSION = YES;
				CLANG_WARN_OBJC_ROOT_CLASS = YES_ERROR;
				CLANG_WARN_UNREACHABLE_CODE = YES;
				CLANG_WARN__DUPLICATE_METHOD_MATCH = YES;
				"CODE_SIGN_IDENTITY[sdk=iphoneos*]" = "iPhone Developer";
				COPY_PHASE_STRIP = YES;
				ENABLE_NS_ASSERTIONS = NO;
				ENABLE_STRICT_OBJC_MSGSEND = YES;
				GCC_C_LANGUAGE_STANDARD = gnu99;
				GCC_WARN_64_TO_32_BIT_CONVERSION = YES;
				GCC_WARN_ABOUT_RETURN_TYPE = YES_ERROR;
				GCC_WARN_UNDECLARED_SELECTOR = YES;
				GCC_WARN_UNINITIALIZED_AUTOS = YES_AGGRESSIVE;
				GCC_WARN_UNUSED_FUNCTION = YES;
				GCC_WARN_UNUSED_VARIABLE = YES;
				IPHONEOS_DEPLOYMENT_TARGET = 8.0;
				MTL_ENABLE_DEBUG_INFO = NO;
				SDKROOT = iphoneos;
				TARGETED_DEVICE_FAMILY = "1,2";
				VALIDATE_PRODUCT = YES;
			};
			name = Release;
		};
		AA98A40819A7FFEE0026EAB5 /* Debug */ = {
			isa = XCBuildConfiguration;
			buildSettings = {
				ASSETCATALOG_COMPILER_APPICON_NAME = AppIcon;
				ASSETCATALOG_COMPILER_LAUNCHIMAGE_NAME = LaunchImage;
				INFOPLIST_FILE = "$(SRCROOT)/NickTacToe/Info.plist";
				IPHONEOS_DEPLOYMENT_TARGET = 8.0;
				LD_RUNPATH_SEARCH_PATHS = "$(inherited) @executable_path/Frameworks";
				ONLY_ACTIVE_ARCH = YES;
				PRODUCT_NAME = NickTacToe;
				SDKROOT = iphoneos;
				TARGETED_DEVICE_FAMILY = "1,2";
				VALID_ARCHS = "armv7 armv7s";
			};
			name = Debug;
		};
		AA98A40919A7FFEE0026EAB5 /* Release */ = {
			isa = XCBuildConfiguration;
			buildSettings = {
				ASSETCATALOG_COMPILER_APPICON_NAME = AppIcon;
				ASSETCATALOG_COMPILER_LAUNCHIMAGE_NAME = LaunchImage;
				INFOPLIST_FILE = "$(SRCROOT)/NickTacToe/Info.plist";
				IPHONEOS_DEPLOYMENT_TARGET = 8.0;
				LD_RUNPATH_SEARCH_PATHS = "$(inherited) @executable_path/Frameworks";
				PRODUCT_NAME = NickTacToe;
				SDKROOT = iphoneos;
				TARGETED_DEVICE_FAMILY = "1,2";
				VALID_ARCHS = "armv7 armv7s";
			};
			name = Release;
		};
		AA98A40B19A7FFEE0026EAB5 /* Debug */ = {
			isa = XCBuildConfiguration;
			buildSettings = {
				BUNDLE_LOADER = "$(TEST_HOST)";
				FRAMEWORK_SEARCH_PATHS = (
					"$(SDKROOT)/Developer/Library/Frameworks",
					"$(inherited)",
				);
				GCC_PREPROCESSOR_DEFINITIONS = (
					"DEBUG=1",
					"$(inherited)",
				);
				INFOPLIST_FILE = NickTacToeTests/Info.plist;
				LD_RUNPATH_SEARCH_PATHS = "$(inherited) @executable_path/Frameworks @loader_path/Frameworks";
				PRODUCT_NAME = NickTacToeTests;
				TEST_HOST = "$(BUILT_PRODUCTS_DIR)/NickTacToe.app/NickTacToe";
			};
			name = Debug;
		};
		AA98A40C19A7FFEE0026EAB5 /* Release */ = {
			isa = XCBuildConfiguration;
			buildSettings = {
				BUNDLE_LOADER = "$(TEST_HOST)";
				FRAMEWORK_SEARCH_PATHS = (
					"$(SDKROOT)/Developer/Library/Frameworks",
					"$(inherited)",
				);
				INFOPLIST_FILE = NickTacToeTests/Info.plist;
				LD_RUNPATH_SEARCH_PATHS = "$(inherited) @executable_path/Frameworks @loader_path/Frameworks";
				PRODUCT_NAME = NickTacToeTests;
				TEST_HOST = "$(BUILT_PRODUCTS_DIR)/NickTacToe.app/NickTacToe";
			};
			name = Release;
		};
/* End XCBuildConfiguration section */

/* Begin XCConfigurationList section */
		AA98A3E619A7FFEE0026EAB5 /* Build configuration list for PBXProject "NickTacToe" */ = {
			isa = XCConfigurationList;
			buildConfigurations = (
				AA98A40519A7FFEE0026EAB5 /* Debug */,
				AA98A40619A7FFEE0026EAB5 /* Release */,
			);
			defaultConfigurationIsVisible = 0;
			defaultConfigurationName = Release;
		};
		AA98A40719A7FFEE0026EAB5 /* Build configuration list for PBXNativeTarget "NickTacToe" */ = {
			isa = XCConfigurationList;
			buildConfigurations = (
				AA98A40819A7FFEE0026EAB5 /* Debug */,
				AA98A40919A7FFEE0026EAB5 /* Release */,
			);
			defaultConfigurationIsVisible = 0;
			defaultConfigurationName = Release;
		};
		AA98A40A19A7FFEE0026EAB5 /* Build configuration list for PBXNativeTarget "NickTacToeTests" */ = {
			isa = XCConfigurationList;
			buildConfigurations = (
				AA98A40B19A7FFEE0026EAB5 /* Debug */,
				AA98A40C19A7FFEE0026EAB5 /* Release */,
			);
			defaultConfigurationIsVisible = 0;
			defaultConfigurationName = Release;
		};
/* End XCConfigurationList section */
	};
	rootObject = AA98A3E319A7FFEE0026EAB5 /* Project object */;
}
